// !$*UTF8*$!
{
	archiveVersion = 1;
	classes = {
	};
	objectVersion = 55;
	objects = {

/* Begin PBXBuildFile section */
		1021F40B2886B20C00415D3A /* AppDelegate.swift in Sources */ = {isa = PBXBuildFile; fileRef = 1021F40A2886B20C00415D3A /* AppDelegate.swift */; };
		1021F40D2886B20C00415D3A /* SceneDelegate.swift in Sources */ = {isa = PBXBuildFile; fileRef = 1021F40C2886B20C00415D3A /* SceneDelegate.swift */; };
		1021F40F2886B20C00415D3A /* ViewController.swift in Sources */ = {isa = PBXBuildFile; fileRef = 1021F40E2886B20C00415D3A /* ViewController.swift */; };
		1021F4122886B20C00415D3A /* Main.storyboard in Resources */ = {isa = PBXBuildFile; fileRef = 1021F4102886B20C00415D3A /* Main.storyboard */; };
		1021F4142886B20D00415D3A /* Assets.xcassets in Resources */ = {isa = PBXBuildFile; fileRef = 1021F4132886B20D00415D3A /* Assets.xcassets */; };
		1021F4172886B20D00415D3A /* LaunchScreen.storyboard in Resources */ = {isa = PBXBuildFile; fileRef = 1021F4152886B20D00415D3A /* LaunchScreen.storyboard */; };
		10238B0D28879DCA007AD258 /* Article.swift in Sources */ = {isa = PBXBuildFile; fileRef = 10238B0C28879DCA007AD258 /* Article.swift */; };
		10238B0F28879E4E007AD258 /* WebService.swift in Sources */ = {isa = PBXBuildFile; fileRef = 10238B0E28879E4E007AD258 /* WebService.swift */; };
		10238B122887A046007AD258 /* ArticleListModel.swift in Sources */ = {isa = PBXBuildFile; fileRef = 10238B112887A046007AD258 /* ArticleListModel.swift */; };
		10238B142887A161007AD258 /* ArticleTableViewCell.swift in Sources */ = {isa = PBXBuildFile; fileRef = 10238B132887A161007AD258 /* ArticleTableViewCell.swift */; };
		10238B162887A193007AD258 /* NewsListTableViewController.swift in Sources */ = {isa = PBXBuildFile; fileRef = 10238B152887A193007AD258 /* NewsListTableViewController.swift */; };
		103678ED2887D83000294A2A /* Storage.swift in Sources */ = {isa = PBXBuildFile; fileRef = 103678EC2887D83000294A2A /* Storage.swift */; };
/* End PBXBuildFile section */

/* Begin PBXFileReference section */
		1021F4072886B20C00415D3A /* News.app */ = {isa = PBXFileReference; explicitFileType = wrapper.application; includeInIndex = 0; path = News.app; sourceTree = BUILT_PRODUCTS_DIR; };
		1021F40A2886B20C00415D3A /* AppDelegate.swift */ = {isa = PBXFileReference; lastKnownFileType = sourcecode.swift; path = AppDelegate.swift; sourceTree = "<group>"; };
		1021F40C2886B20C00415D3A /* SceneDelegate.swift */ = {isa = PBXFileReference; lastKnownFileType = sourcecode.swift; path = SceneDelegate.swift; sourceTree = "<group>"; };
		1021F40E2886B20C00415D3A /* ViewController.swift */ = {isa = PBXFileReference; lastKnownFileType = sourcecode.swift; path = ViewController.swift; sourceTree = "<group>"; };
		1021F4112886B20C00415D3A /* Base */ = {isa = PBXFileReference; lastKnownFileType = file.storyboard; name = Base; path = Base.lproj/Main.storyboard; sourceTree = "<group>"; };
		1021F4132886B20D00415D3A /* Assets.xcassets */ = {isa = PBXFileReference; lastKnownFileType = folder.assetcatalog; path = Assets.xcassets; sourceTree = "<group>"; };
		1021F4162886B20D00415D3A /* Base */ = {isa = PBXFileReference; lastKnownFileType = file.storyboard; name = Base; path = Base.lproj/LaunchScreen.storyboard; sourceTree = "<group>"; };
		1021F4182886B20D00415D3A /* Info.plist */ = {isa = PBXFileReference; lastKnownFileType = text.plist.xml; path = Info.plist; sourceTree = "<group>"; };
		10238B0C28879DCA007AD258 /* Article.swift */ = {isa = PBXFileReference; lastKnownFileType = sourcecode.swift; path = Article.swift; sourceTree = "<group>"; };
		10238B0E28879E4E007AD258 /* WebService.swift */ = {isa = PBXFileReference; lastKnownFileType = sourcecode.swift; path = WebService.swift; sourceTree = "<group>"; };
		10238B112887A046007AD258 /* ArticleListModel.swift */ = {isa = PBXFileReference; lastKnownFileType = sourcecode.swift; path = ArticleListModel.swift; sourceTree = "<group>"; };
		10238B132887A161007AD258 /* ArticleTableViewCell.swift */ = {isa = PBXFileReference; lastKnownFileType = sourcecode.swift; path = ArticleTableViewCell.swift; sourceTree = "<group>"; };
		10238B152887A193007AD258 /* NewsListTableViewController.swift */ = {isa = PBXFileReference; lastKnownFileType = sourcecode.swift; path = NewsListTableViewController.swift; sourceTree = "<group>"; };
		103678EC2887D83000294A2A /* Storage.swift */ = {isa = PBXFileReference; lastKnownFileType = sourcecode.swift; path = Storage.swift; sourceTree = "<group>"; };
/* End PBXFileReference section */

/* Begin PBXFrameworksBuildPhase section */
		1021F4042886B20C00415D3A /* Frameworks */ = {
			isa = PBXFrameworksBuildPhase;
			buildActionMask = 2147483647;
			files = (
			);
			runOnlyForDeploymentPostprocessing = 0;
		};
/* End PBXFrameworksBuildPhase section */

/* Begin PBXGroup section */
		1021F3FE2886B20C00415D3A = {
			isa = PBXGroup;
			children = (
				1021F4092886B20C00415D3A /* news */,
				1021F4082886B20C00415D3A /* Products */,
			);
			sourceTree = "<group>";
		};
		1021F4082886B20C00415D3A /* Products */ = {
			isa = PBXGroup;
			children = (
				1021F4072886B20C00415D3A /* News.app */,
			);
			name = Products;
			sourceTree = "<group>";
		};
		1021F4092886B20C00415D3A /* news */ = {
			isa = PBXGroup;
			children = (
				10238B0B28879DB3007AD258 /* Cells */,
				10238B0A28879DA7007AD258 /* ViewModels */,
				10238B0928879D9F007AD258 /* Models */,
				10238B1028879FDB007AD258 /* Services */,
				10238B0728879D85007AD258 /* Controllers */,
				1021F40A2886B20C00415D3A /* AppDelegate.swift */,
				1021F40C2886B20C00415D3A /* SceneDelegate.swift */,
				1021F40E2886B20C00415D3A /* ViewController.swift */,
				103678EC2887D83000294A2A /* Storage.swift */,
				1021F4102886B20C00415D3A /* Main.storyboard */,
				1021F4132886B20D00415D3A /* Assets.xcassets */,
				1021F4152886B20D00415D3A /* LaunchScreen.storyboard */,
				1021F4182886B20D00415D3A /* Info.plist */,
			);
			path = news;
			sourceTree = "<group>";
		};
		10238B0728879D85007AD258 /* Controllers */ = {
			isa = PBXGroup;
			children = (
				10238B152887A193007AD258 /* NewsListTableViewController.swift */,
			);
			path = Controllers;
			sourceTree = "<group>";
		};
		10238B0928879D9F007AD258 /* Models */ = {
			isa = PBXGroup;
			children = (
				10238B0C28879DCA007AD258 /* Article.swift */,
			);
			path = Models;
			sourceTree = "<group>";
		};
		10238B0A28879DA7007AD258 /* ViewModels */ = {
			isa = PBXGroup;
			children = (
				10238B112887A046007AD258 /* ArticleListModel.swift */,
			);
			path = ViewModels;
			sourceTree = "<group>";
		};
		10238B0B28879DB3007AD258 /* Cells */ = {
			isa = PBXGroup;
			children = (
				10238B132887A161007AD258 /* ArticleTableViewCell.swift */,
			);
			path = Cells;
			sourceTree = "<group>";
		};
		10238B1028879FDB007AD258 /* Services */ = {
			isa = PBXGroup;
			children = (
				10238B0E28879E4E007AD258 /* WebService.swift */,
			);
			path = Services;
			sourceTree = "<group>";
		};
/* End PBXGroup section */

/* Begin PBXNativeTarget section */
		1021F4062886B20C00415D3A /* News */ = {
			isa = PBXNativeTarget;
			buildConfigurationList = 1021F41B2886B20D00415D3A /* Build configuration list for PBXNativeTarget "News" */;
			buildPhases = (
				1021F4032886B20C00415D3A /* Sources */,
				1021F4042886B20C00415D3A /* Frameworks */,
				1021F4052886B20C00415D3A /* Resources */,
			);
			buildRules = (
			);
			dependencies = (
			);
			name = News;
			productName = news;
			productReference = 1021F4072886B20C00415D3A /* News.app */;
			productType = "com.apple.product-type.application";
		};
/* End PBXNativeTarget section */

/* Begin PBXProject section */
		1021F3FF2886B20C00415D3A /* Project object */ = {
			isa = PBXProject;
			attributes = {
				BuildIndependentTargetsInParallel = 1;
				LastSwiftUpdateCheck = 1340;
				LastUpgradeCheck = 1340;
				TargetAttributes = {
					1021F4062886B20C00415D3A = {
						CreatedOnToolsVersion = 13.4.1;
					};
				};
			};
			buildConfigurationList = 1021F4022886B20C00415D3A /* Build configuration list for PBXProject "News" */;
			compatibilityVersion = "Xcode 13.0";
			developmentRegion = en;
			hasScannedForEncodings = 0;
			knownRegions = (
				en,
				Base,
			);
			mainGroup = 1021F3FE2886B20C00415D3A;
			productRefGroup = 1021F4082886B20C00415D3A /* Products */;
			projectDirPath = "";
			projectRoot = "";
			targets = (
				1021F4062886B20C00415D3A /* News */,
			);
		};
/* End PBXProject section */

/* Begin PBXResourcesBuildPhase section */
		1021F4052886B20C00415D3A /* Resources */ = {
			isa = PBXResourcesBuildPhase;
			buildActionMask = 2147483647;
			files = (
				1021F4172886B20D00415D3A /* LaunchScreen.storyboard in Resources */,
				1021F4142886B20D00415D3A /* Assets.xcassets in Resources */,
				1021F4122886B20C00415D3A /* Main.storyboard in Resources */,
			);
			runOnlyForDeploymentPostprocessing = 0;
		};
/* End PBXResourcesBuildPhase section */

/* Begin PBXSourcesBuildPhase section */
		1021F4032886B20C00415D3A /* Sources */ = {
			isa = PBXSourcesBuildPhase;
			buildActionMask = 2147483647;
			files = (
				10238B0D28879DCA007AD258 /* Article.swift in Sources */,
				1021F40F2886B20C00415D3A /* ViewController.swift in Sources */,
				1021F40B2886B20C00415D3A /* AppDelegate.swift in Sources */,
				10238B0F28879E4E007AD258 /* WebService.swift in Sources */,
				10238B162887A193007AD258 /* NewsListTableViewController.swift in Sources */,
				103678ED2887D83000294A2A /* Storage.swift in Sources */,
				10238B122887A046007AD258 /* ArticleListModel.swift in Sources */,
				10238B142887A161007AD258 /* ArticleTableViewCell.swift in Sources */,
				1021F40D2886B20C00415D3A /* SceneDelegate.swift in Sources */,
			);
			runOnlyForDeploymentPostprocessing = 0;
		};
/* End PBXSourcesBuildPhase section */

/* Begin PBXVariantGroup section */
		1021F4102886B20C00415D3A /* Main.storyboard */ = {
			isa = PBXVariantGroup;
			children = (
				1021F4112886B20C00415D3A /* Base */,
			);
			name = Main.storyboard;
			sourceTree = "<group>";
		};
		1021F4152886B20D00415D3A /* LaunchScreen.storyboard */ = {
			isa = PBXVariantGroup;
			children = (
				1021F4162886B20D00415D3A /* Base */,
			);
			name = LaunchScreen.storyboard;
			sourceTree = "<group>";
		};
/* End PBXVariantGroup section */

/* Begin XCBuildConfiguration section */
		1021F4192886B20D00415D3A /* Debug */ = {
			isa = XCBuildConfiguration;
			buildSettings = {
				ALWAYS_SEARCH_USER_PATHS = NO;
				CLANG_ANALYZER_NONNULL = YES;
				CLANG_ANALYZER_NUMBER_OBJECT_CONVERSION = YES_AGGRESSIVE;
				CLANG_CXX_LANGUAGE_STANDARD = "gnu++17";
				CLANG_ENABLE_MODULES = YES;
				CLANG_ENABLE_OBJC_ARC = YES;
				CLANG_ENABLE_OBJC_WEAK = YES;
				CLANG_WARN_BLOCK_CAPTURE_AUTORELEASING = YES;
				CLANG_WARN_BOOL_CONVERSION = YES;
				CLANG_WARN_COMMA = YES;
				CLANG_WARN_CONSTANT_CONVERSION = YES;
				CLANG_WARN_DEPRECATED_OBJC_IMPLEMENTATIONS = YES;
				CLANG_WARN_DIRECT_OBJC_ISA_USAGE = YES_ERROR;
				CLANG_WARN_DOCUMENTATION_COMMENTS = YES;
				CLANG_WARN_EMPTY_BODY = YES;
				CLANG_WARN_ENUM_CONVERSION = YES;
				CLANG_WARN_INFINITE_RECURSION = YES;
				CLANG_WARN_INT_CONVERSION = YES;
				CLANG_WARN_NON_LITERAL_NULL_CONVERSION = YES;
				CLANG_WARN_OBJC_IMPLICIT_RETAIN_SELF = YES;
				CLANG_WARN_OBJC_LITERAL_CONVERSION = YES;
				CLANG_WARN_OBJC_ROOT_CLASS = YES_ERROR;
				CLANG_WARN_QUOTED_INCLUDE_IN_FRAMEWORK_HEADER = YES;
				CLANG_WARN_RANGE_LOOP_ANALYSIS = YES;
				CLANG_WARN_STRICT_PROTOTYPES = YES;
				CLANG_WARN_SUSPICIOUS_MOVE = YES;
				CLANG_WARN_UNGUARDED_AVAILABILITY = YES_AGGRESSIVE;
				CLANG_WARN_UNREACHABLE_CODE = YES;
				CLANG_WARN__DUPLICATE_METHOD_MATCH = YES;
				COPY_PHASE_STRIP = NO;
				DEBUG_INFORMATION_FORMAT = dwarf;
				ENABLE_STRICT_OBJC_MSGSEND = YES;
				ENABLE_TESTABILITY = YES;
				GCC_C_LANGUAGE_STANDARD = gnu11;
				GCC_DYNAMIC_NO_PIC = NO;
				GCC_NO_COMMON_BLOCKS = YES;
				GCC_OPTIMIZATION_LEVEL = 0;
				GCC_PREPROCESSOR_DEFINITIONS = (
					"DEBUG=1",
					"$(inherited)",
				);
				GCC_WARN_64_TO_32_BIT_CONVERSION = YES;
				GCC_WARN_ABOUT_RETURN_TYPE = YES_ERROR;
				GCC_WARN_UNDECLARED_SELECTOR = YES;
				GCC_WARN_UNINITIALIZED_AUTOS = YES_AGGRESSIVE;
				GCC_WARN_UNUSED_FUNCTION = YES;
				GCC_WARN_UNUSED_VARIABLE = YES;
				IPHONEOS_DEPLOYMENT_TARGET = 15.5;
				MTL_ENABLE_DEBUG_INFO = INCLUDE_SOURCE;
				MTL_FAST_MATH = YES;
				ONLY_ACTIVE_ARCH = YES;
				SDKROOT = iphoneos;
				SWIFT_ACTIVE_COMPILATION_CONDITIONS = DEBUG;
				SWIFT_OPTIMIZATION_LEVEL = "-Onone";
			};
			name = Debug;
		};
		1021F41A2886B20D00415D3A /* Release */ = {
			isa = XCBuildConfiguration;
			buildSettings = {
				ALWAYS_SEARCH_USER_PATHS = NO;
				CLANG_ANALYZER_NONNULL = YES;
				CLANG_ANALYZER_NUMBER_OBJECT_CONVERSION = YES_AGGRESSIVE;
				CLANG_CXX_LANGUAGE_STANDARD = "gnu++17";
				CLANG_ENABLE_MODULES = YES;
				CLANG_ENABLE_OBJC_ARC = YES;
				CLANG_ENABLE_OBJC_WEAK = YES;
				CLANG_WARN_BLOCK_CAPTURE_AUTORELEASING = YES;
				CLANG_WARN_BOOL_CONVERSION = YES;
				CLANG_WARN_COMMA = YES;
				CLANG_WARN_CONSTANT_CONVERSION = YES;
				CLANG_WARN_DEPRECATED_OBJC_IMPLEMENTATIONS = YES;
				CLANG_WARN_DIRECT_OBJC_ISA_USAGE = YES_ERROR;
				CLANG_WARN_DOCUMENTATION_COMMENTS = YES;
				CLANG_WARN_EMPTY_BODY = YES;
				CLANG_WARN_ENUM_CONVERSION = YES;
				CLANG_WARN_INFINITE_RECURSION = YES;
				CLANG_WARN_INT_CONVERSION = YES;
				CLANG_WARN_NON_LITERAL_NULL_CONVERSION = YES;
				CLANG_WARN_OBJC_IMPLICIT_RETAIN_SELF = YES;
				CLANG_WARN_OBJC_LITERAL_CONVERSION = YES;
				CLANG_WARN_OBJC_ROOT_CLASS = YES_ERROR;
				CLANG_WARN_QUOTED_INCLUDE_IN_FRAMEWORK_HEADER = YES;
				CLANG_WARN_RANGE_LOOP_ANALYSIS = YES;
				CLANG_WARN_STRICT_PROTOTYPES = YES;
				CLANG_WARN_SUSPICIOUS_MOVE = YES;
				CLANG_WARN_UNGUARDED_AVAILABILITY = YES_AGGRESSIVE;
				CLANG_WARN_UNREACHABLE_CODE = YES;
				CLANG_WARN__DUPLICATE_METHOD_MATCH = YES;
				COPY_PHASE_STRIP = NO;
				DEBUG_INFORMATION_FORMAT = "dwarf-with-dsym";
				ENABLE_NS_ASSERTIONS = NO;
				ENABLE_STRICT_OBJC_MSGSEND = YES;
				GCC_C_LANGUAGE_STANDARD = gnu11;
				GCC_NO_COMMON_BLOCKS = YES;
				GCC_WARN_64_TO_32_BIT_CONVERSION = YES;
				GCC_WARN_ABOUT_RETURN_TYPE = YES_ERROR;
				GCC_WARN_UNDECLARED_SELECTOR = YES;
				GCC_WARN_UNINITIALIZED_AUTOS = YES_AGGRESSIVE;
				GCC_WARN_UNUSED_FUNCTION = YES;
				GCC_WARN_UNUSED_VARIABLE = YES;
				IPHONEOS_DEPLOYMENT_TARGET = 15.5;
				MTL_ENABLE_DEBUG_INFO = NO;
				MTL_FAST_MATH = YES;
				SDKROOT = iphoneos;
				SWIFT_COMPILATION_MODE = wholemodule;
				SWIFT_OPTIMIZATION_LEVEL = "-O";
				VALIDATE_PRODUCT = YES;
			};
			name = Release;
		};
		1021F41C2886B20D00415D3A /* Debug */ = {
			isa = XCBuildConfiguration;
			buildSettings = {
				ASSETCATALOG_COMPILER_APPICON_NAME = AppIcon;
				ASSETCATALOG_COMPILER_GLOBAL_ACCENT_COLOR_NAME = AccentColor;
				CODE_SIGN_STYLE = Automatic;
				CURRENT_PROJECT_VERSION = 1;
				DEVELOPMENT_TEAM = USJP36TZ2H;
				GENERATE_INFOPLIST_FILE = YES;
				INFOPLIST_FILE = News/Info.plist;
				INFOPLIST_KEY_UIApplicationSupportsIndirectInputEvents = YES;
				INFOPLIST_KEY_UILaunchStoryboardName = LaunchScreen;
				INFOPLIST_KEY_UIMainStoryboardFile = Main;
				INFOPLIST_KEY_UISupportedInterfaceOrientations_iPad = "UIInterfaceOrientationPortrait UIInterfaceOrientationPortraitUpsideDown UIInterfaceOrientationLandscapeLeft UIInterfaceOrientationLandscapeRight";
				INFOPLIST_KEY_UISupportedInterfaceOrientations_iPhone = "UIInterfaceOrientationPortrait UIInterfaceOrientationLandscapeLeft UIInterfaceOrientationLandscapeRight";
				LD_RUNPATH_SEARCH_PATHS = (
					"$(inherited)",
					"@executable_path/Frameworks",
				);
				MARKETING_VERSION = 1.0;
				PRODUCT_BUNDLE_IDENTIFIER = YujeanCho.news;
				PRODUCT_NAME = "$(TARGET_NAME)";
				SWIFT_EMIT_LOC_STRINGS = YES;
				SWIFT_VERSION = 5.0;
				TARGETED_DEVICE_FAMILY = 1;
			};
			name = Debug;
		};
		1021F41D2886B20D00415D3A /* Release */ = {
			isa = XCBuildConfiguration;
			buildSettings = {
				ASSETCATALOG_COMPILER_APPICON_NAME = AppIcon;
				ASSETCATALOG_COMPILER_GLOBAL_ACCENT_COLOR_NAME = AccentColor;
				CODE_SIGN_STYLE = Automatic;
				CURRENT_PROJECT_VERSION = 1;
				DEVELOPMENT_TEAM = USJP36TZ2H;
				GENERATE_INFOPLIST_FILE = YES;
				INFOPLIST_FILE = News/Info.plist;
				INFOPLIST_KEY_UIApplicationSupportsIndirectInputEvents = YES;
				INFOPLIST_KEY_UILaunchStoryboardName = LaunchScreen;
				INFOPLIST_KEY_UIMainStoryboardFile = Main;
				INFOPLIST_KEY_UISupportedInterfaceOrientations_iPad = "UIInterfaceOrientationPortrait UIInterfaceOrientationPortraitUpsideDown UIInterfaceOrientationLandscapeLeft UIInterfaceOrientationLandscapeRight";
				INFOPLIST_KEY_UISupportedInterfaceOrientations_iPhone = "UIInterfaceOrientationPortrait UIInterfaceOrientationLandscapeLeft UIInterfaceOrientationLandscapeRight";
				LD_RUNPATH_SEARCH_PATHS = (
					"$(inherited)",
					"@executable_path/Frameworks",
				);
				MARKETING_VERSION = 1.0;
				PRODUCT_BUNDLE_IDENTIFIER = YujeanCho.news;
				PRODUCT_NAME = "$(TARGET_NAME)";
				SWIFT_EMIT_LOC_STRINGS = YES;
				SWIFT_VERSION = 5.0;
				TARGETED_DEVICE_FAMILY = 1;
			};
			name = Release;
		};
/* End XCBuildConfiguration section */

/* Begin XCConfigurationList section */
		1021F4022886B20C00415D3A /* Build configuration list for PBXProject "News" */ = {
			isa = XCConfigurationList;
			buildConfigurations = (
				1021F4192886B20D00415D3A /* Debug */,
				1021F41A2886B20D00415D3A /* Release */,
			);
			defaultConfigurationIsVisible = 0;
			defaultConfigurationName = Release;
		};
		1021F41B2886B20D00415D3A /* Build configuration list for PBXNativeTarget "News" */ = {
			isa = XCConfigurationList;
			buildConfigurations = (
				1021F41C2886B20D00415D3A /* Debug */,
				1021F41D2886B20D00415D3A /* Release */,
			);
			defaultConfigurationIsVisible = 0;
			defaultConfigurationName = Release;
		};
/* End XCConfigurationList section */
	};
	rootObject = 1021F3FF2886B20C00415D3A /* Project object */;
}
